github.com/ALTree/bigfloat v0.0.0-20201218142103-4a33235224ec h1:tPYYUIlnk8STUTx7TEcZqCgk0zvxL6KH6eDSTa38zBI=
github.com/ALTree/bigfloat v0.0.0-20201218142103-4a33235224ec/go.mod h1:+NaH2gLeY6RPBPPQf4aRotPPStg+eXc8f9ZaE4vRfD4=
github.com/boltdb/bolt v1.3.1 h1:JQmyP4ZBrce+ZQu0dY660FMfatumYDLun9hBCUVIkF4=
github.com/boltdb/bolt v1.3.1/go.mod h1:clJnj/oiGkjum5o1McbSZDSLxVThjynRyGBgiAx27Ps=
github.com/c-bata/go-prompt v0.2.5 h1:3zg6PecEywxNn0xiqcXHD96fkbxghD+gdB2tbsYfl+Y=
github.com/c-bata/go-prompt v0.2.5/go.mod h1:vFnjEGDIIA/Lib7giyE4E9c50Lvl8j0S+7FVlAwDAVw=
github.com/gogo/protobuf v1.2.1 h1:/s5zKNz0uPFCZ5hddgPdo2TK2TVrUNMn0OOX8/aZMTE=
github.com/gogo/protobuf v1.2.1/go.mod h1:hp+jE20tsWTFYpLwKvXlhS1hjn+gTNwPg2I6zVXpSg4=
github.com/golang/protobuf v1.3.2 h1:6nsPYzhq5kReh6QImI3k5qWzO4PEbvbIW2cwSfR/6xs=
github.com/golang/protobuf v1.3.2/go.mod h1:6lQm79b+lXiMfvg/cZm0SGofjICqVBUtrP5yJMmIC1U=
github.com/julienschmidt/httprouter v1.3.0 h1:U0609e9tgbseu3rBINet9P48AI/D3oJs4dN7jwJOQ1U=
github.com/julienschmidt/httprouter v1.3.0/go.mod h1:JR6WtHb+2LUe8TCKY3cZOxFyyO8IZAc4RVcycCCAKdM=
github.com/kisielk/errcheck v1.1.0/go.mod h1:EZBBE59ingxPouuu3KfxchcWSUPOHkagtvWXihfKN4Q=
github.com/kisielk/gotool v1.0.0/go.mod h1:XhKaO+MFFWcvkIS/tQcRk01m1F5IRFswLeQ+oQHNcck=
github.com/knakk/rdf v0.0.0-20190304171630-8521bf4c5042 h1:Vzdm5hdlLdpJOKK+hKtkV5u7xGZmNW6aUBjGcTfwx84=
github.com/knakk/rdf v0.0.0-20190304171630-8521bf4c5042/go.mod h1:fYE0718xXI13XMYLc6iHtvXudfyCGMsZ9hxSM1Ommpg=
github.com/mattn/go-colorable v0.1.4/go.mod h1:U0ppj6V5qS13XJ6of8GYAs25YV2eR4EVcfRqFIhoBtE=
github.com/mattn/go-colorable v0.1.7/go.mod h1:u6P/XSegPjTcexA+o6vUJrdnUu04hMope9wVRipJSqc=
github.com/mattn/go-isatty v0.0.8/go.mod h1:Iq45c/XA43vh69/j3iqttzPXn0bhXyGjM0Hdxcsrc5s=
github.com/mattn/go-isatty v0.0.10/go.mod h1:qgIWMr58cqv1PHHyhnkY9lrL7etaEgOFcMEpPG5Rm84=
github.com/mattn/go-isatty v0.0.12/go.mod h1:cbi8OIDigv2wuxKPP5vlRcQ1OAZbq2CE4Kysco4FUpU=
github.com/mattn/go-runewidth v0.0.6/go.mod h1:H031xJmbD/WCDINGzjvQ9THkh0rPKHF+m2gUSrubnMI=
github.com/mattn/go-runewidth v0.0.9 h1:Lm995f3rfxdpd6TSmuVCHVb/QhupuXlYr8sCI/QdE+0=
github.com/mattn/go-runewidth v0.0.9/go.mod h1:H031xJmbD/WCDINGzjvQ9THkh0rPKHF+m2gUSrubnMI=
github.com/mattn/go-tty v0.0.3/go.mod h1:ihxohKRERHTVzN+aSVRwACLCeqIoZAWpoICkkvrWyR0=
github.com/pkg/term v1.1.0 h1:xIAAdCMh3QIAy+5FrE8Ad8XoDhEU4ufwbaSozViP9kk=
github.com/pkg/term v1.1.0/go.mod h1:E25nymQcrSllhX42Ok8MRm1+hyBdHY0dCeiKZ9jpNGw=
github.com/pointlander/bigfloat v0.0.0-20201211040007-2034219fcdd4 h1:Uu2OrXR+yfJ3C2z/Z7y6dTiKi02TPeIJ665uNSP7918=
github.com/pointlander/bigfloat v0.0.0-20201211040007-2034219fcdd4/go.mod h1:b19QN7yorMusM5S22nrPQHtgQFz7eFaZVEDQUE0N+tA=
github.com/pointlander/c0mpl3x v0.0.0-20210103054932-b204c9ab06b0 h1:4Qazv5vEdFn8JM7K0BRbTfwmN2da6/0CpL5OCzBcwf4=
github.com/pointlander/c0mpl3x v0.0.0-20210103054932-b204c9ab06b0/go.mod h1:kYSSqyTxdrQo1PrmK0pr9VAypgsXYMGy8K0bK8wSxeU=
github.com/pointlander/calc v0.0.0-20210105064717-1ab3e3222275 h1:TYXcKyiAq9wf54jQ8sIlj86g2wPreEEw7v0Okx0Q8Sw=
github.com/pointlander/calc v0.0.0-20210105064717-1ab3e3222275/go.mod h1:GagEaPA/euoWVMj+LiTrHy3ZwuA+Bl4lar97uVGJ2GY=
github.com/pointlander/calc v0.0.0-20210107030848-87f40cc5ef60 h1:k7NyoulAS8n2LliZAug620R22gkcQJKDA3tD6qf7R2k=
github.com/pointlander/calc v0.0.0-20210107030848-87f40cc5ef60/go.mod h1:GagEaPA/euoWVMj+LiTrHy3ZwuA+Bl4lar97uVGJ2GY=
github.com/pointlander/compress v1.1.1-0.20190518213731-ff44bd196cc3 h1:hUmXhbljNFtrH5hzV9kiRoddZ5nfPTq3K0Sb2hYYiqE=
github.com/pointlander/compress v1.1.1-0.20190518213731-ff44bd196cc3/go.mod h1:q5NXNGzqj5uPnVuhGkZfmgHqNUhf15VLi6L9kW0VEc0=
github.com/pointlander/dbnary v0.0.0-20210107020647-b9273d9ba906 h1:klqzUMmHqqg3uhIyr2gxPuRur6g3ZPFXa3RVMzinjgU=
github.com/pointlander/dbnary v0.0.0-20210107020647-b9273d9ba906/go.mod h1:Khjs40gnf7+TYeL8TjfyOr097oq+0b0QmTMv0lhJKk8=
github.com/pointlander/dbnary v0.0.0-20210109035247-ca47eb218d9d h1:xdcQVmWclIhuu8MMPyi8joMbl8DrenRyAnZtZmfznGw=
github.com/pointlander/dbnary v0.0.0-20210109035247-ca47eb218d9d/go.mod h1:Khjs40gnf7+TYeL8TjfyOr097oq+0b0QmTMv0lhJKk8=
github.com/texttheater/golang-levenshtein/levenshtein v0.0.0-20200805054039-cae8b0eaed6c h1:HelZ2kAFadG0La9d+4htN4HzQ68Bm2iM9qKMSMES6xg=
github.com/texttheater/golang-levenshtein/levenshtein v0.0.0-20200805054039-cae8b0eaed6c/go.mod h1:JlzghshsemAMDGZLytTFY8C1JQxQPhnatWqNwUXjggo=
golang.org/x/sync v0.0.0-20190911185100-cd5d95a43a6e/go.mod h1:RxMgew5VJxzue5/jJTE5uejpjVlOe/izrB70Jof72aM=
golang.org/x/sys v0.0.0-20190222072716-a9d3bda3a223/go.mod h1:STP8DvDyc/dI5b8T5hshtkjS+E42TnysNCUPdjciGhY=
golang.org/x/sys v0.0.0-20191008105621-543471e840be/go.mod h1:h1NjWce9XRLGQEsW7wpKNCjG9DtNlClVuFLEZdDNbEs=
golang.org/x/sys v0.0.0-20191120155948-bd437916bb0e/go.mod h1:h1NjWce9XRLGQEsW7wpKNCjG9DtNlClVuFLEZdDNbEs=
golang.org/x/sys v0.0.0-20200116001909-b77594299b42/go.mod h1:h1NjWce9XRLGQEsW7wpKNCjG9DtNlClVuFLEZdDNbEs=
golang.org/x/sys v0.0.0-20200223170610-d5e6a3e2c0ae/go.mod h1:h1NjWce9XRLGQEsW7wpKNCjG9DtNlClVuFLEZdDNbEs=
golang.org/x/sys v0.0.0-20200909081042-eff7692f9009/go.mod h1:h1NjWce9XRLGQEsW7wpKNCjG9DtNlClVuFLEZdDNbEs=
golang.org/x/sys v0.0.0-20200918174421-af09f7315aff h1:1CPUrky56AcgSpxz/KfgzQWzfG09u5YOL8MvPYBlrL8=
golang.org/x/sys v0.0.0-20200918174421-af09f7315aff/go.mod h1:h1NjWce9XRLGQEsW7wpKNCjG9DtNlClVuFLEZdDNbEs=
golang.org/x/tools v0.0.0-20180221164845-07fd8470d635/go.mod h1:n7NCudcB/nEzxVGmLbDWY5pfWTLqBcC2KZ6jyYvM4mQ=
